
Microsoft Visual Studio Solution File, Format Version 10.00
# Visual C++ Express 2008
Project("{8BC9CEB8-8B4A-11D0-8D11-00A0C91BC942}") = "ahocorasick", "ahocorasick.vcproj", "{A8907231-BD66-4510-9B66-C3F15C69F681}"
EndProject
Project("{8BC9CEB8-8B4A-11D0-8D11-00A0C91BC942}") = "eric", "eric\eric.vcproj", "{2F850240-B48A-488D-8799-A2C6393296DC}"
EndProject
Global
	GlobalSection(SolutionConfigurationPlatforms) = preSolution
		Debug|Win32 = Debug|Win32
		Release|Win32 = Release|Win32
	EndGlobalSection
	GlobalSection(ProjectConfigurationPlatforms) = postSolution
		{A8907231-BD66-4510-9B66-C3F15C69F681}.Debug|Win32.ActiveCfg = Debug|Win32
		{A8907231-BD66-4510-9B66-C3F15C69F681}.Debug|Win32.Build.0 = Debug|Win32
		{A8907231-BD66-4510-9B66-C3F15C69F681}.Release|Win32.ActiveCfg = Release|Win32
		{A8907231-BD66-4510-9B66-C3F15C69F681}.Release|Win32.Build.0 = Release|Win32
		{2F850240-B48A-488D-8799-A2C6393296DC}.Debug|Win32.ActiveCfg = Debug|Win32
		{2F850240-B48A-488D-8799-A2C6393296DC}.Debug|Win32.Build.0 = Debug|Win32
		{2F850240-B48A-488D-8799-A2C6393296DC}.Release|Win32.ActiveCfg = Release|Win32
		{2F850240-B48A-488D-8799-A2C6393296DC}.Release|Win32.Build.0 = Release|Win32
	EndGlobalSection
	GlobalSection(SolutionProperties) = preSolution
		HideSolutionNode = FALSE
	EndGlobalSection
EndGlobal
