
Microsoft Visual Studio Solution File, Format Version 10.00
# Visual C++ Express 2008
Project("{8BC9CEB8-8B4A-11D0-8D11-00A0C91BC942}") = "conway", "conway.vcproj", "{2ED74494-BB64-4F8E-A3F4-7D388EF8157E}"
EndProject
Global
	GlobalSection(SolutionConfigurationPlatforms) = preSolution
		Debug|Win32 = Debug|Win32
		Release|Win32 = Release|Win32
	EndGlobalSection
	GlobalSection(ProjectConfigurationPlatforms) = postSolution
		{2ED74494-BB64-4F8E-A3F4-7D388EF8157E}.Debug|Win32.ActiveCfg = Debug|Win32
		{2ED74494-BB64-4F8E-A3F4-7D388EF8157E}.Debug|Win32.Build.0 = Debug|Win32
		{2ED74494-BB64-4F8E-A3F4-7D388EF8157E}.Release|Win32.ActiveCfg = Release|Win32
		{2ED74494-BB64-4F8E-A3F4-7D388EF8157E}.Release|Win32.Build.0 = Release|Win32
	EndGlobalSection
	GlobalSection(SolutionProperties) = preSolution
		HideSolutionNode = FALSE
	EndGlobalSection
EndGlobal
