
Microsoft Visual Studio Solution File, Format Version 10.00
# Visual Studio 2008
Project("{8BC9CEB8-8B4A-11D0-8D11-00A0C91BC942}") = "benchmark", "benchmark.vcproj", "{B662E050-BA07-4163-9C6B-90417D64CB3A}"
EndProject
Global
	GlobalSection(SolutionConfigurationPlatforms) = preSolution
		Debug|Win32 = Debug|Win32
		Release|Win32 = Release|Win32
	EndGlobalSection
	GlobalSection(ProjectConfigurationPlatforms) = postSolution
		{B662E050-BA07-4163-9C6B-90417D64CB3A}.Debug|Win32.ActiveCfg = Debug|Win32
		{B662E050-BA07-4163-9C6B-90417D64CB3A}.Debug|Win32.Build.0 = Debug|Win32
		{B662E050-BA07-4163-9C6B-90417D64CB3A}.Release|Win32.ActiveCfg = Release|Win32
		{B662E050-BA07-4163-9C6B-90417D64CB3A}.Release|Win32.Build.0 = Release|Win32
	EndGlobalSection
	GlobalSection(SolutionProperties) = preSolution
		HideSolutionNode = FALSE
	EndGlobalSection
EndGlobal
